
Microsoft Visual Studio Solution File, Format Version 12.00
# Visual Studio Version 17
VisualStudioVersion = 17.1.32228.430
MinimumVisualStudioVersion = 10.0.40219.1
Project("{9A19103F-16F7-4668-BE54-9A1E7A4F7556}") = "DiscordApiClient", "DiscordApiClient\DiscordApiClient.csproj", "{03D155B7-EB95-4959-95A9-7347115D89BE}"
EndProject
Project("{FAE04EC0-301F-11D3-BF4B-00C04F79EFBC}") = "DiscordApiClientTest", "DiscordApiClientTest\DiscordApiClientTest.csproj", "{E78AB604-386C-497E-A710-258FE351D57A}"
EndProject
Global
	GlobalSection(SolutionConfigurationPlatforms) = preSolution
		Debug|Any CPU = Debug|Any CPU
		Release|Any CPU = Release|Any CPU
	EndGlobalSection
	GlobalSection(ProjectConfigurationPlatforms) = postSolution
		{03D155B7-EB95-4959-95A9-7347115D89BE}.Debug|Any CPU.ActiveCfg = Debug|Any CPU
		{03D155B7-EB95-4959-95A9-7347115D89BE}.Debug|Any CPU.Build.0 = Debug|Any CPU
		{03D155B7-EB95-4959-95A9-7347115D89BE}.Release|Any CPU.ActiveCfg = Release|Any CPU
		{03D155B7-EB95-4959-95A9-7347115D89BE}.Release|Any CPU.Build.0 = Release|Any CPU
		{E78AB604-386C-497E-A710-258FE351D57A}.Debug|Any CPU.ActiveCfg = Debug|Any CPU
		{E78AB604-386C-497E-A710-258FE351D57A}.Debug|Any CPU.Build.0 = Debug|Any CPU
		{E78AB604-386C-497E-A710-258FE351D57A}.Release|Any CPU.ActiveCfg = Release|Any CPU
		{E78AB604-386C-497E-A710-258FE351D57A}.Release|Any CPU.Build.0 = Release|Any CPU
	EndGlobalSection
	GlobalSection(SolutionProperties) = preSolution
		HideSolutionNode = FALSE
	EndGlobalSection
	GlobalSection(ExtensibilityGlobals) = postSolution
		SolutionGuid = {9D750000-D1BE-4CD0-9F1A-D751C5A3EED4}
	EndGlobalSection
EndGlobal
